
Microsoft Visual Studio Solution File, Format Version 12.00
# Visual Studio Version 17
VisualStudioVersion = 17.8.34330.188
MinimumVisualStudioVersion = 10.0.40219.1
Project("{8BC9CEB8-8B4A-11D0-8D11-00A0C91BC942}") = "OpenGLProject", "OpenGLProject\OpenGLProject.vcxproj", "{DFC73080-BBF5-4069-91F6-62C1893798B5}"
EndProject
Global
	GlobalSection(SolutionConfigurationPlatforms) = preSolution
		Debug|x64 = Debug|x64
		Debug|x86 = Debug|x86
		Release|x64 = Release|x64
		Release|x86 = Release|x86
	EndGlobalSection
	GlobalSection(ProjectConfigurationPlatforms) = postSolution
		{DFC73080-BBF5-4069-91F6-62C1893798B5}.Debug|x64.ActiveCfg = Debug|x64
		{DFC73080-BBF5-4069-91F6-62C1893798B5}.Debug|x64.Build.0 = Debug|x64
		{DFC73080-BBF5-4069-91F6-62C1893798B5}.Debug|x86.ActiveCfg = Debug|Win32
		{DFC73080-BBF5-4069-91F6-62C1893798B5}.Debug|x86.Build.0 = Debug|Win32
		{DFC73080-BBF5-4069-91F6-62C1893798B5}.Release|x64.ActiveCfg = Release|x64
		{DFC73080-BBF5-4069-91F6-62C1893798B5}.Release|x64.Build.0 = Release|x64
		{DFC73080-BBF5-4069-91F6-62C1893798B5}.Release|x86.ActiveCfg = Release|Win32
		{DFC73080-BBF5-4069-91F6-62C1893798B5}.Release|x86.Build.0 = Release|Win32
	EndGlobalSection
	GlobalSection(SolutionProperties) = preSolution
		HideSolutionNode = FALSE
	EndGlobalSection
	GlobalSection(ExtensibilityGlobals) = postSolution
		SolutionGuid = {209A7223-9DEB-4F24-96C4-0DBD87645402}
	EndGlobalSection
EndGlobal
